lockfileVersion: 5.3

specifiers:
  '@vitejs/plugin-vue': ^5.2.1
  '@vue/tsconfig': ^0.7.0
  typescript: ~5.7.2
  vite: ^6.2.0
  vue: ^3.5.13
  vue-tsc: ^2.2.4

dependencies:
  vue: registry.npmmirror.com/vue/3.5.13_typescript@5.7.3

devDependencies:
  '@vitejs/plugin-vue': registry.npmmirror.com/@vitejs/plugin-vue/5.2.1_vite@6.2.0+vue@3.5.13
  '@vue/tsconfig': registry.npmmirror.com/@vue/tsconfig/0.7.0_typescript@5.7.3+vue@3.5.13
  typescript: registry.npmmirror.com/typescript/5.7.3
  vite: registry.npmmirror.com/vite/6.2.0
  vue-tsc: registry.npmmirror.com/vue-tsc/2.2.8_typescript@5.7.3

packages:

  registry.npmmirror.com/@babel/helper-string-parser/7.25.9:
    resolution: {integrity: sha512-4A/SCr/2KLd5jrtOMFzaKjVtAei3+2r/NChoBNoZ3EyP/+GlhoaEGoWOZUmFmoITP7zOJyHIMm+DYRd8o3PvHA==, registry: http://registry.npm.taobao.org/, tarball: https://registry.npmmirror.com/@babel/helper-string-parser/-/helper-string-parser-7.25.9.tgz}
    name: '@babel/helper-string-parser'
    version: 7.25.9
    engines: {node: '>=6.9.0'}

  registry.npmmirror.com/@babel/helper-validator-identifier/7.25.9:
    resolution: {integrity: sha512-Ed61U6XJc3CVRfkERJWDz4dJwKe7iLmmJsbOGu9wSloNSFttHV0I8g6UAgb7qnK5ly5bGLPd4oXZlxCdANBOWQ==, registry: http://registry.npm.taobao.org/, tarball: https://registry.npmmirror.com/@babel/helper-validator-identifier/-/helper-validator-identifier-7.25.9.tgz}
    name: '@babel/helper-validator-identifier'
    version: 7.25.9
    engines: {node: '>=6.9.0'}

  registry.npmmirror.com/@babel/parser/7.26.9:
    resolution: {integrity: sha512-81NWa1njQblgZbQHxWHpxxCzNsa3ZwvFqpUg7P+NNUU6f3UU2jBEg4OlF/J6rl8+PQGh1q6/zWScd001YwcA5A==, registry: http://registry.npm.taobao.org/, tarball: https://registry.npmmirror.com/@babel/parser/-/parser-7.26.9.tgz}
    name: '@babel/parser'
    version: 7.26.9
    engines: {node: '>=6.0.0'}
    hasBin: true
    dependencies:
      '@babel/types': registry.npmmirror.com/@babel/types/7.26.9

  registry.npmmirror.com/@babel/types/7.26.9:
    resolution: {integrity: sha512-Y3IR1cRnOxOCDvMmNiym7XpXQ93iGDDPHx+Zj+NM+rg0fBaShfQLkg+hKPaZCEvg5N/LeCo4+Rj/i3FuJsIQaw==, registry: http://registry.npm.taobao.org/, tarball: https://registry.npmmirror.com/@babel/types/-/types-7.26.9.tgz}
    name: '@babel/types'
    version: 7.26.9
    engines: {node: '>=6.9.0'}
    dependencies:
      '@babel/helper-string-parser': registry.npmmirror.com/@babel/helper-string-parser/7.25.9
      '@babel/helper-validator-identifier': registry.npmmirror.com/@babel/helper-validator-identifier/7.25.9

  registry.npmmirror.com/@esbuild/aix-ppc64/0.25.0:
    resolution: {integrity: sha512-O7vun9Sf8DFjH2UtqK8Ku3LkquL9SZL8OLY1T5NZkA34+wG3OQF7cl4Ql8vdNzM6fzBbYfLaiRLIOZ+2FOCgBQ==, registry: http://registry.npm.taobao.org/, tarball: https://registry.npmmirror.com/@esbuild/aix-ppc64/-/aix-ppc64-0.25.0.tgz}
    name: '@esbuild/aix-ppc64'
    version: 0.25.0
    engines: {node: '>=18'}
    cpu: [ppc64]
    os: [aix]
    requiresBuild: true
    dev: true
    optional: true

  registry.npmmirror.com/@esbuild/android-arm/0.25.0:
    resolution: {integrity: sha512-PTyWCYYiU0+1eJKmw21lWtC+d08JDZPQ5g+kFyxP0V+es6VPPSUhM6zk8iImp2jbV6GwjX4pap0JFbUQN65X1g==, registry: http://registry.npm.taobao.org/, tarball: https://registry.npmmirror.com/@esbuild/android-arm/-/android-arm-0.25.0.tgz}
    name: '@esbuild/android-arm'
    version: 0.25.0
    engines: {node: '>=18'}
    cpu: [arm]
    os: [android]
    requiresBuild: true
    dev: true
    optional: true

  registry.npmmirror.com/@esbuild/android-arm64/0.25.0:
    resolution: {integrity: sha512-grvv8WncGjDSyUBjN9yHXNt+cq0snxXbDxy5pJtzMKGmmpPxeAmAhWxXI+01lU5rwZomDgD3kJwulEnhTRUd6g==, registry: http://registry.npm.taobao.org/, tarball: https://registry.npmmirror.com/@esbuild/android-arm64/-/android-arm64-0.25.0.tgz}
    name: '@esbuild/android-arm64'
    version: 0.25.0
    engines: {node: '>=18'}
    cpu: [arm64]
    os: [android]
    requiresBuild: true
    dev: true
    optional: true

  registry.npmmirror.com/@esbuild/android-x64/0.25.0:
    resolution: {integrity: sha512-m/ix7SfKG5buCnxasr52+LI78SQ+wgdENi9CqyCXwjVR2X4Jkz+BpC3le3AoBPYTC9NHklwngVXvbJ9/Akhrfg==, registry: http://registry.npm.taobao.org/, tarball: https://registry.npmmirror.com/@esbuild/android-x64/-/android-x64-0.25.0.tgz}
    name: '@esbuild/android-x64'
    version: 0.25.0
    engines: {node: '>=18'}
    cpu: [x64]
    os: [android]
    requiresBuild: true
    dev: true
    optional: true

  registry.npmmirror.com/@esbuild/darwin-arm64/0.25.0:
    resolution: {integrity: sha512-mVwdUb5SRkPayVadIOI78K7aAnPamoeFR2bT5nszFUZ9P8UpK4ratOdYbZZXYSqPKMHfS1wdHCJk1P1EZpRdvw==, registry: http://registry.npm.taobao.org/, tarball: https://registry.npmmirror.com/@esbuild/darwin-arm64/-/darwin-arm64-0.25.0.tgz}
    name: '@esbuild/darwin-arm64'
    version: 0.25.0
    engines: {node: '>=18'}
    cpu: [arm64]
    os: [darwin]
    requiresBuild: true
    dev: true
    optional: true

  registry.npmmirror.com/@esbuild/darwin-x64/0.25.0:
    resolution: {integrity: sha512-DgDaYsPWFTS4S3nWpFcMn/33ZZwAAeAFKNHNa1QN0rI4pUjgqf0f7ONmXf6d22tqTY+H9FNdgeaAa+YIFUn2Rg==, registry: http://registry.npm.taobao.org/, tarball: https://registry.npmmirror.com/@esbuild/darwin-x64/-/darwin-x64-0.25.0.tgz}
    name: '@esbuild/darwin-x64'
    version: 0.25.0
    engines: {node: '>=18'}
    cpu: [x64]
    os: [darwin]
    requiresBuild: true
    dev: true
    optional: true

  registry.npmmirror.com/@esbuild/freebsd-arm64/0.25.0:
    resolution: {integrity: sha512-VN4ocxy6dxefN1MepBx/iD1dH5K8qNtNe227I0mnTRjry8tj5MRk4zprLEdG8WPyAPb93/e4pSgi1SoHdgOa4w==, registry: http://registry.npm.taobao.org/, tarball: https://registry.npmmirror.com/@esbuild/freebsd-arm64/-/freebsd-arm64-0.25.0.tgz}
    name: '@esbuild/freebsd-arm64'
    version: 0.25.0
    engines: {node: '>=18'}
    cpu: [arm64]
    os: [freebsd]
    requiresBuild: true
    dev: true
    optional: true

  registry.npmmirror.com/@esbuild/freebsd-x64/0.25.0:
    resolution: {integrity: sha512-mrSgt7lCh07FY+hDD1TxiTyIHyttn6vnjesnPoVDNmDfOmggTLXRv8Id5fNZey1gl/V2dyVK1VXXqVsQIiAk+A==, registry: http://registry.npm.taobao.org/, tarball: https://registry.npmmirror.com/@esbuild/freebsd-x64/-/freebsd-x64-0.25.0.tgz}
    name: '@esbuild/freebsd-x64'
    version: 0.25.0
    engines: {node: '>=18'}
    cpu: [x64]
    os: [freebsd]
    requiresBuild: true
    dev: true
    optional: true

  registry.npmmirror.com/@esbuild/linux-arm/0.25.0:
    resolution: {integrity: sha512-vkB3IYj2IDo3g9xX7HqhPYxVkNQe8qTK55fraQyTzTX/fxaDtXiEnavv9geOsonh2Fd2RMB+i5cbhu2zMNWJwg==, registry: http://registry.npm.taobao.org/, tarball: https://registry.npmmirror.com/@esbuild/linux-arm/-/linux-arm-0.25.0.tgz}
    name: '@esbuild/linux-arm'
    version: 0.25.0
    engines: {node: '>=18'}
    cpu: [arm]
    os: [linux]
    requiresBuild: true
    dev: true
    optional: true

  registry.npmmirror.com/@esbuild/linux-arm64/0.25.0:
    resolution: {integrity: sha512-9QAQjTWNDM/Vk2bgBl17yWuZxZNQIF0OUUuPZRKoDtqF2k4EtYbpyiG5/Dk7nqeK6kIJWPYldkOcBqjXjrUlmg==, registry: http://registry.npm.taobao.org/, tarball: https://registry.npmmirror.com/@esbuild/linux-arm64/-/linux-arm64-0.25.0.tgz}
    name: '@esbuild/linux-arm64'
    version: 0.25.0
    engines: {node: '>=18'}
    cpu: [arm64]
    os: [linux]
    requiresBuild: true
    dev: true
    optional: true

  registry.npmmirror.com/@esbuild/linux-ia32/0.25.0:
    resolution: {integrity: sha512-43ET5bHbphBegyeqLb7I1eYn2P/JYGNmzzdidq/w0T8E2SsYL1U6un2NFROFRg1JZLTzdCoRomg8Rvf9M6W6Gg==, registry: http://registry.npm.taobao.org/, tarball: https://registry.npmmirror.com/@esbuild/linux-ia32/-/linux-ia32-0.25.0.tgz}
    name: '@esbuild/linux-ia32'
    version: 0.25.0
    engines: {node: '>=18'}
    cpu: [ia32]
    os: [linux]
    requiresBuild: true
    dev: true
    optional: true

  registry.npmmirror.com/@esbuild/linux-loong64/0.25.0:
    resolution: {integrity: sha512-fC95c/xyNFueMhClxJmeRIj2yrSMdDfmqJnyOY4ZqsALkDrrKJfIg5NTMSzVBr5YW1jf+l7/cndBfP3MSDpoHw==, registry: http://registry.npm.taobao.org/, tarball: https://registry.npmmirror.com/@esbuild/linux-loong64/-/linux-loong64-0.25.0.tgz}
    name: '@esbuild/linux-loong64'
    version: 0.25.0
    engines: {node: '>=18'}
    cpu: [loong64]
    os: [linux]
    requiresBuild: true
    dev: true
    optional: true

  registry.npmmirror.com/@esbuild/linux-mips64el/0.25.0:
    resolution: {integrity: sha512-nkAMFju7KDW73T1DdH7glcyIptm95a7Le8irTQNO/qtkoyypZAnjchQgooFUDQhNAy4iu08N79W4T4pMBwhPwQ==, registry: http://registry.npm.taobao.org/, tarball: https://registry.npmmirror.com/@esbuild/linux-mips64el/-/linux-mips64el-0.25.0.tgz}
    name: '@esbuild/linux-mips64el'
    version: 0.25.0
    engines: {node: '>=18'}
    cpu: [mips64el]
    os: [linux]
    requiresBuild: true
    dev: true
    optional: true

  registry.npmmirror.com/@esbuild/linux-ppc64/0.25.0:
    resolution: {integrity: sha512-NhyOejdhRGS8Iwv+KKR2zTq2PpysF9XqY+Zk77vQHqNbo/PwZCzB5/h7VGuREZm1fixhs4Q/qWRSi5zmAiO4Fw==, registry: http://registry.npm.taobao.org/, tarball: https://registry.npmmirror.com/@esbuild/linux-ppc64/-/linux-ppc64-0.25.0.tgz}
    name: '@esbuild/linux-ppc64'
    version: 0.25.0
    engines: {node: '>=18'}
    cpu: [ppc64]
    os: [linux]
    requiresBuild: true
    dev: true
    optional: true

  registry.npmmirror.com/@esbuild/linux-riscv64/0.25.0:
    resolution: {integrity: sha512-5S/rbP5OY+GHLC5qXp1y/Mx//e92L1YDqkiBbO9TQOvuFXM+iDqUNG5XopAnXoRH3FjIUDkeGcY1cgNvnXp/kA==, registry: http://registry.npm.taobao.org/, tarball: https://registry.npmmirror.com/@esbuild/linux-riscv64/-/linux-riscv64-0.25.0.tgz}
    name: '@esbuild/linux-riscv64'
    version: 0.25.0
    engines: {node: '>=18'}
    cpu: [riscv64]
    os: [linux]
    requiresBuild: true
    dev: true
    optional: true

  registry.npmmirror.com/@esbuild/linux-s390x/0.25.0:
    resolution: {integrity: sha512-XM2BFsEBz0Fw37V0zU4CXfcfuACMrppsMFKdYY2WuTS3yi8O1nFOhil/xhKTmE1nPmVyvQJjJivgDT+xh8pXJA==, registry: http://registry.npm.taobao.org/, tarball: https://registry.npmmirror.com/@esbuild/linux-s390x/-/linux-s390x-0.25.0.tgz}
    name: '@esbuild/linux-s390x'
    version: 0.25.0
    engines: {node: '>=18'}
    cpu: [s390x]
    os: [linux]
    requiresBuild: true
    dev: true
    optional: true

  registry.npmmirror.com/@esbuild/linux-x64/0.25.0:
    resolution: {integrity: sha512-9yl91rHw/cpwMCNytUDxwj2XjFpxML0y9HAOH9pNVQDpQrBxHy01Dx+vaMu0N1CKa/RzBD2hB4u//nfc+Sd3Cw==, registry: http://registry.npm.taobao.org/, tarball: https://registry.npmmirror.com/@esbuild/linux-x64/-/linux-x64-0.25.0.tgz}
    name: '@esbuild/linux-x64'
    version: 0.25.0
    engines: {node: '>=18'}
    cpu: [x64]
    os: [linux]
    requiresBuild: true
    dev: true
    optional: true

  registry.npmmirror.com/@esbuild/netbsd-arm64/0.25.0:
    resolution: {integrity: sha512-RuG4PSMPFfrkH6UwCAqBzauBWTygTvb1nxWasEJooGSJ/NwRw7b2HOwyRTQIU97Hq37l3npXoZGYMy3b3xYvPw==, registry: http://registry.npm.taobao.org/, tarball: https://registry.npmmirror.com/@esbuild/netbsd-arm64/-/netbsd-arm64-0.25.0.tgz}
    name: '@esbuild/netbsd-arm64'
    version: 0.25.0
    engines: {node: '>=18'}
    cpu: [arm64]
    os: [netbsd]
    requiresBuild: true
    dev: true
    optional: true

  registry.npmmirror.com/@esbuild/netbsd-x64/0.25.0:
    resolution: {integrity: sha512-jl+qisSB5jk01N5f7sPCsBENCOlPiS/xptD5yxOx2oqQfyourJwIKLRA2yqWdifj3owQZCL2sn6o08dBzZGQzA==, registry: http://registry.npm.taobao.org/, tarball: https://registry.npmmirror.com/@esbuild/netbsd-x64/-/netbsd-x64-0.25.0.tgz}
    name: '@esbuild/netbsd-x64'
    version: 0.25.0
    engines: {node: '>=18'}
    cpu: [x64]
    os: [netbsd]
    requiresBuild: true
    dev: true
    optional: true

  registry.npmmirror.com/@esbuild/openbsd-arm64/0.25.0:
    resolution: {integrity: sha512-21sUNbq2r84YE+SJDfaQRvdgznTD8Xc0oc3p3iW/a1EVWeNj/SdUCbm5U0itZPQYRuRTW20fPMWMpcrciH2EJw==, registry: http://registry.npm.taobao.org/, tarball: https://registry.npmmirror.com/@esbuild/openbsd-arm64/-/openbsd-arm64-0.25.0.tgz}
    name: '@esbuild/openbsd-arm64'
    version: 0.25.0
    engines: {node: '>=18'}
    cpu: [arm64]
    os: [openbsd]
    requiresBuild: true
    dev: true
    optional: true

  registry.npmmirror.com/@esbuild/openbsd-x64/0.25.0:
    resolution: {integrity: sha512-2gwwriSMPcCFRlPlKx3zLQhfN/2WjJ2NSlg5TKLQOJdV0mSxIcYNTMhk3H3ulL/cak+Xj0lY1Ym9ysDV1igceg==, registry: http://registry.npm.taobao.org/, tarball: https://registry.npmmirror.com/@esbuild/openbsd-x64/-/openbsd-x64-0.25.0.tgz}
    name: '@esbuild/openbsd-x64'
    version: 0.25.0
    engines: {node: '>=18'}
    cpu: [x64]
    os: [openbsd]
    requiresBuild: true
    dev: true
    optional: true

  registry.npmmirror.com/@esbuild/sunos-x64/0.25.0:
    resolution: {integrity: sha512-bxI7ThgLzPrPz484/S9jLlvUAHYMzy6I0XiU1ZMeAEOBcS0VePBFxh1JjTQt3Xiat5b6Oh4x7UC7IwKQKIJRIg==, registry: http://registry.npm.taobao.org/, tarball: https://registry.npmmirror.com/@esbuild/sunos-x64/-/sunos-x64-0.25.0.tgz}
    name: '@esbuild/sunos-x64'
    version: 0.25.0
    engines: {node: '>=18'}
    cpu: [x64]
    os: [sunos]
    requiresBuild: true
    dev: true
    optional: true

  registry.npmmirror.com/@esbuild/win32-arm64/0.25.0:
    resolution: {integrity: sha512-ZUAc2YK6JW89xTbXvftxdnYy3m4iHIkDtK3CLce8wg8M2L+YZhIvO1DKpxrd0Yr59AeNNkTiic9YLf6FTtXWMw==, registry: http://registry.npm.taobao.org/, tarball: https://registry.npmmirror.com/@esbuild/win32-arm64/-/win32-arm64-0.25.0.tgz}
    name: '@esbuild/win32-arm64'
    version: 0.25.0
    engines: {node: '>=18'}
    cpu: [arm64]
    os: [win32]
    requiresBuild: true
    dev: true
    optional: true

  registry.npmmirror.com/@esbuild/win32-ia32/0.25.0:
    resolution: {integrity: sha512-eSNxISBu8XweVEWG31/JzjkIGbGIJN/TrRoiSVZwZ6pkC6VX4Im/WV2cz559/TXLcYbcrDN8JtKgd9DJVIo8GA==, registry: http://registry.npm.taobao.org/, tarball: https://registry.npmmirror.com/@esbuild/win32-ia32/-/win32-ia32-0.25.0.tgz}
    name: '@esbuild/win32-ia32'
    version: 0.25.0
    engines: {node: '>=18'}
    cpu: [ia32]
    os: [win32]
    requiresBuild: true
    dev: true
    optional: true

  registry.npmmirror.com/@esbuild/win32-x64/0.25.0:
    resolution: {integrity: sha512-ZENoHJBxA20C2zFzh6AI4fT6RraMzjYw4xKWemRTRmRVtN9c5DcH9r/f2ihEkMjOW5eGgrwCslG/+Y/3bL+DHQ==, registry: http://registry.npm.taobao.org/, tarball: https://registry.npmmirror.com/@esbuild/win32-x64/-/win32-x64-0.25.0.tgz}
    name: '@esbuild/win32-x64'
    version: 0.25.0
    engines: {node: '>=18'}
    cpu: [x64]
    os: [win32]
    requiresBuild: true
    dev: true
    optional: true

  registry.npmmirror.com/@jridgewell/sourcemap-codec/1.5.0:
    resolution: {integrity: sha512-gv3ZRaISU3fjPAgNsriBRqGWQL6quFx04YMPW/zD8XMLsU32mhCCbfbO6KZFLjvYpCZ8zyDEgqsgf+PwPaM7GQ==, registry: http://registry.npm.taobao.org/, tarball: https://registry.npmmirror.com/@jridgewell/sourcemap-codec/-/sourcemap-codec-1.5.0.tgz}
    name: '@jridgewell/sourcemap-codec'
    version: 1.5.0

  registry.npmmirror.com/@rollup/rollup-android-arm-eabi/4.34.9:
    resolution: {integrity: sha512-qZdlImWXur0CFakn2BJ2znJOdqYZKiedEPEVNTBrpfPjc/YuTGcaYZcdmNFTkUj3DU0ZM/AElcM8Ybww3xVLzA==, registry: http://registry.npm.taobao.org/, tarball: https://registry.npmmirror.com/@rollup/rollup-android-arm-eabi/-/rollup-android-arm-eabi-4.34.9.tgz}
    name: '@rollup/rollup-android-arm-eabi'
    version: 4.34.9
    cpu: [arm]
    os: [android]
    requiresBuild: true
    dev: true
    optional: true

  registry.npmmirror.com/@rollup/rollup-android-arm64/4.34.9:
    resolution: {integrity: sha512-4KW7P53h6HtJf5Y608T1ISKvNIYLWRKMvfnG0c44M6In4DQVU58HZFEVhWINDZKp7FZps98G3gxwC1sb0wXUUg==, registry: http://registry.npm.taobao.org/, tarball: https://registry.npmmirror.com/@rollup/rollup-android-arm64/-/rollup-android-arm64-4.34.9.tgz}
    name: '@rollup/rollup-android-arm64'
    version: 4.34.9
    cpu: [arm64]
    os: [android]
    requiresBuild: true
    dev: true
    optional: true

  registry.npmmirror.com/@rollup/rollup-darwin-arm64/4.34.9:
    resolution: {integrity: sha512-0CY3/K54slrzLDjOA7TOjN1NuLKERBgk9nY5V34mhmuu673YNb+7ghaDUs6N0ujXR7fz5XaS5Aa6d2TNxZd0OQ==, registry: http://registry.npm.taobao.org/, tarball: https://registry.npmmirror.com/@rollup/rollup-darwin-arm64/-/rollup-darwin-arm64-4.34.9.tgz}
    name: '@rollup/rollup-darwin-arm64'
    version: 4.34.9
    cpu: [arm64]
    os: [darwin]
    requiresBuild: true
    dev: true
    optional: true

  registry.npmmirror.com/@rollup/rollup-darwin-x64/4.34.9:
    resolution: {integrity: sha512-eOojSEAi/acnsJVYRxnMkPFqcxSMFfrw7r2iD9Q32SGkb/Q9FpUY1UlAu1DH9T7j++gZ0lHjnm4OyH2vCI7l7Q==, registry: http://registry.npm.taobao.org/, tarball: https://registry.npmmirror.com/@rollup/rollup-darwin-x64/-/rollup-darwin-x64-4.34.9.tgz}
    name: '@rollup/rollup-darwin-x64'
    version: 4.34.9
    cpu: [x64]
    os: [darwin]
    requiresBuild: true
    dev: true
    optional: true

  registry.npmmirror.com/@rollup/rollup-freebsd-arm64/4.34.9:
    resolution: {integrity: sha512-2lzjQPJbN5UnHm7bHIUKFMulGTQwdvOkouJDpPysJS+QFBGDJqcfh+CxxtG23Ik/9tEvnebQiylYoazFMAgrYw==, registry: http://registry.npm.taobao.org/, tarball: https://registry.npmmirror.com/@rollup/rollup-freebsd-arm64/-/rollup-freebsd-arm64-4.34.9.tgz}
    name: '@rollup/rollup-freebsd-arm64'
    version: 4.34.9
    cpu: [arm64]
    os: [freebsd]
    requiresBuild: true
    dev: true
    optional: true

  registry.npmmirror.com/@rollup/rollup-freebsd-x64/4.34.9:
    resolution: {integrity: sha512-SLl0hi2Ah2H7xQYd6Qaiu01kFPzQ+hqvdYSoOtHYg/zCIFs6t8sV95kaoqjzjFwuYQLtOI0RZre/Ke0nPaQV+g==, registry: http://registry.npm.taobao.org/, tarball: https://registry.npmmirror.com/@rollup/rollup-freebsd-x64/-/rollup-freebsd-x64-4.34.9.tgz}
    name: '@rollup/rollup-freebsd-x64'
    version: 4.34.9
    cpu: [x64]
    os: [freebsd]
    requiresBuild: true
    dev: true
    optional: true

  registry.npmmirror.com/@rollup/rollup-linux-arm-gnueabihf/4.34.9:
    resolution: {integrity: sha512-88I+D3TeKItrw+Y/2ud4Tw0+3CxQ2kLgu3QvrogZ0OfkmX/DEppehus7L3TS2Q4lpB+hYyxhkQiYPJ6Mf5/dPg==, registry: http://registry.npm.taobao.org/, tarball: https://registry.npmmirror.com/@rollup/rollup-linux-arm-gnueabihf/-/rollup-linux-arm-gnueabihf-4.34.9.tgz}
    name: '@rollup/rollup-linux-arm-gnueabihf'
    version: 4.34.9
    cpu: [arm]
    os: [linux]
    requiresBuild: true
    dev: true
    optional: true

  registry.npmmirror.com/@rollup/rollup-linux-arm-musleabihf/4.34.9:
    resolution: {integrity: sha512-3qyfWljSFHi9zH0KgtEPG4cBXHDFhwD8kwg6xLfHQ0IWuH9crp005GfoUUh/6w9/FWGBwEHg3lxK1iHRN1MFlA==, registry: http://registry.npm.taobao.org/, tarball: https://registry.npmmirror.com/@rollup/rollup-linux-arm-musleabihf/-/rollup-linux-arm-musleabihf-4.34.9.tgz}
    name: '@rollup/rollup-linux-arm-musleabihf'
    version: 4.34.9
    cpu: [arm]
    os: [linux]
    requiresBuild: true
    dev: true
    optional: true

  registry.npmmirror.com/@rollup/rollup-linux-arm64-gnu/4.34.9:
    resolution: {integrity: sha512-6TZjPHjKZUQKmVKMUowF3ewHxctrRR09eYyvT5eFv8w/fXarEra83A2mHTVJLA5xU91aCNOUnM+DWFMSbQ0Nxw==, registry: http://registry.npm.taobao.org/, tarball: https://registry.npmmirror.com/@rollup/rollup-linux-arm64-gnu/-/rollup-linux-arm64-gnu-4.34.9.tgz}
    name: '@rollup/rollup-linux-arm64-gnu'
    version: 4.34.9
    cpu: [arm64]
    os: [linux]
    requiresBuild: true
    dev: true
    optional: true

  registry.npmmirror.com/@rollup/rollup-linux-arm64-musl/4.34.9:
    resolution: {integrity: sha512-LD2fytxZJZ6xzOKnMbIpgzFOuIKlxVOpiMAXawsAZ2mHBPEYOnLRK5TTEsID6z4eM23DuO88X0Tq1mErHMVq0A==, registry: http://registry.npm.taobao.org/, tarball: https://registry.npmmirror.com/@rollup/rollup-linux-arm64-musl/-/rollup-linux-arm64-musl-4.34.9.tgz}
    name: '@rollup/rollup-linux-arm64-musl'
    version: 4.34.9
    cpu: [arm64]
    os: [linux]
    requiresBuild: true
    dev: true
    optional: true

  registry.npmmirror.com/@rollup/rollup-linux-loongarch64-gnu/4.34.9:
    resolution: {integrity: sha512-dRAgTfDsn0TE0HI6cmo13hemKpVHOEyeciGtvlBTkpx/F65kTvShtY/EVyZEIfxFkV5JJTuQ9tP5HGBS0hfxIg==, registry: http://registry.npm.taobao.org/, tarball: https://registry.npmmirror.com/@rollup/rollup-linux-loongarch64-gnu/-/rollup-linux-loongarch64-gnu-4.34.9.tgz}
    name: '@rollup/rollup-linux-loongarch64-gnu'
    version: 4.34.9
    cpu: [loong64]
    os: [linux]
    requiresBuild: true
    dev: true
    optional: true

  registry.npmmirror.com/@rollup/rollup-linux-powerpc64le-gnu/4.34.9:
    resolution: {integrity: sha512-PHcNOAEhkoMSQtMf+rJofwisZqaU8iQ8EaSps58f5HYll9EAY5BSErCZ8qBDMVbq88h4UxaNPlbrKqfWP8RfJA==, registry: http://registry.npm.taobao.org/, tarball: https://registry.npmmirror.com/@rollup/rollup-linux-powerpc64le-gnu/-/rollup-linux-powerpc64le-gnu-4.34.9.tgz}
    name: '@rollup/rollup-linux-powerpc64le-gnu'
    version: 4.34.9
    cpu: [ppc64]
    os: [linux]
    requiresBuild: true
    dev: true
    optional: true

  registry.npmmirror.com/@rollup/rollup-linux-riscv64-gnu/4.34.9:
    resolution: {integrity: sha512-Z2i0Uy5G96KBYKjeQFKbbsB54xFOL5/y1P5wNBsbXB8yE+At3oh0DVMjQVzCJRJSfReiB2tX8T6HUFZ2k8iaKg==, registry: http://registry.npm.taobao.org/, tarball: https://registry.npmmirror.com/@rollup/rollup-linux-riscv64-gnu/-/rollup-linux-riscv64-gnu-4.34.9.tgz}
    name: '@rollup/rollup-linux-riscv64-gnu'
    version: 4.34.9
    cpu: [riscv64]
    os: [linux]
    requiresBuild: true
    dev: true
    optional: true

  registry.npmmirror.com/@rollup/rollup-linux-s390x-gnu/4.34.9:
    resolution: {integrity: sha512-U+5SwTMoeYXoDzJX5dhDTxRltSrIax8KWwfaaYcynuJw8mT33W7oOgz0a+AaXtGuvhzTr2tVKh5UO8GVANTxyQ==, registry: http://registry.npm.taobao.org/, tarball: https://registry.npmmirror.com/@rollup/rollup-linux-s390x-gnu/-/rollup-linux-s390x-gnu-4.34.9.tgz}
    name: '@rollup/rollup-linux-s390x-gnu'
    version: 4.34.9
    cpu: [s390x]
    os: [linux]
    requiresBuild: true
    dev: true
    optional: true

  registry.npmmirror.com/@rollup/rollup-linux-x64-gnu/4.34.9:
    resolution: {integrity: sha512-FwBHNSOjUTQLP4MG7y6rR6qbGw4MFeQnIBrMe161QGaQoBQLqSUEKlHIiVgF3g/mb3lxlxzJOpIBhaP+C+KP2A==, registry: http://registry.npm.taobao.org/, tarball: https://registry.npmmirror.com/@rollup/rollup-linux-x64-gnu/-/rollup-linux-x64-gnu-4.34.9.tgz}
    name: '@rollup/rollup-linux-x64-gnu'
    version: 4.34.9
    cpu: [x64]
    os: [linux]
    requiresBuild: true
    dev: true
    optional: true

  registry.npmmirror.com/@rollup/rollup-linux-x64-musl/4.34.9:
    resolution: {integrity: sha512-cYRpV4650z2I3/s6+5/LONkjIz8MBeqrk+vPXV10ORBnshpn8S32bPqQ2Utv39jCiDcO2eJTuSlPXpnvmaIgRA==, registry: http://registry.npm.taobao.org/, tarball: https://registry.npmmirror.com/@rollup/rollup-linux-x64-musl/-/rollup-linux-x64-musl-4.34.9.tgz}
    name: '@rollup/rollup-linux-x64-musl'
    version: 4.34.9
    cpu: [x64]
    os: [linux]
    requiresBuild: true
    dev: true
    optional: true

  registry.npmmirror.com/@rollup/rollup-win32-arm64-msvc/4.34.9:
    resolution: {integrity: sha512-z4mQK9dAN6byRA/vsSgQiPeuO63wdiDxZ9yg9iyX2QTzKuQM7T4xlBoeUP/J8uiFkqxkcWndWi+W7bXdPbt27Q==, registry: http://registry.npm.taobao.org/, tarball: https://registry.npmmirror.com/@rollup/rollup-win32-arm64-msvc/-/rollup-win32-arm64-msvc-4.34.9.tgz}
    name: '@rollup/rollup-win32-arm64-msvc'
    version: 4.34.9
    cpu: [arm64]
    os: [win32]
    requiresBuild: true
    dev: true
    optional: true

  registry.npmmirror.com/@rollup/rollup-win32-ia32-msvc/4.34.9:
    resolution: {integrity: sha512-KB48mPtaoHy1AwDNkAJfHXvHp24H0ryZog28spEs0V48l3H1fr4i37tiyHsgKZJnCmvxsbATdZGBpbmxTE3a9w==, registry: http://registry.npm.taobao.org/, tarball: https://registry.npmmirror.com/@rollup/rollup-win32-ia32-msvc/-/rollup-win32-ia32-msvc-4.34.9.tgz}
    name: '@rollup/rollup-win32-ia32-msvc'
    version: 4.34.9
    cpu: [ia32]
    os: [win32]
    requiresBuild: true
    dev: true
    optional: true

  registry.npmmirror.com/@rollup/rollup-win32-x64-msvc/4.34.9:
    resolution: {integrity: sha512-AyleYRPU7+rgkMWbEh71fQlrzRfeP6SyMnRf9XX4fCdDPAJumdSBqYEcWPMzVQ4ScAl7E4oFfK0GUVn77xSwbw==, registry: http://registry.npm.taobao.org/, tarball: https://registry.npmmirror.com/@rollup/rollup-win32-x64-msvc/-/rollup-win32-x64-msvc-4.34.9.tgz}
    name: '@rollup/rollup-win32-x64-msvc'
    version: 4.34.9
    cpu: [x64]
    os: [win32]
    requiresBuild: true
    dev: true
    optional: true

  registry.npmmirror.com/@types/estree/1.0.6:
    resolution: {integrity: sha512-AYnb1nQyY49te+VRAVgmzfcgjYS91mY5P0TKUDCLEM+gNnA+3T6rWITXRLYCpahpqSQbN5cE+gHpnPyXjHWxcw==, registry: http://registry.npm.taobao.org/, tarball: https://registry.npmmirror.com/@types/estree/-/estree-1.0.6.tgz}
    name: '@types/estree'
    version: 1.0.6
    dev: true

  registry.npmmirror.com/@vitejs/plugin-vue/5.2.1_vite@6.2.0+vue@3.5.13:
    resolution: {integrity: sha512-cxh314tzaWwOLqVes2gnnCtvBDcM1UMdn+iFR+UjAn411dPT3tOmqrJjbMd7koZpMAmBM/GqeV4n9ge7JSiJJQ==, registry: http://registry.npm.taobao.org/, tarball: https://registry.npmmirror.com/@vitejs/plugin-vue/-/plugin-vue-5.2.1.tgz}
    id: registry.npmmirror.com/@vitejs/plugin-vue/5.2.1
    name: '@vitejs/plugin-vue'
    version: 5.2.1
    engines: {node: ^18.0.0 || >=20.0.0}
    peerDependencies:
      vite: ^5.0.0 || ^6.0.0
      vue: ^3.2.25
    dependencies:
      vite: registry.npmmirror.com/vite/6.2.0
      vue: registry.npmmirror.com/vue/3.5.13_typescript@5.7.3
    dev: true

  registry.npmmirror.com/@volar/language-core/2.4.11:
    resolution: {integrity: sha512-lN2C1+ByfW9/JRPpqScuZt/4OrUUse57GLI6TbLgTIqBVemdl1wNcZ1qYGEo2+Gw8coYLgCy7SuKqn6IrQcQgg==, registry: http://registry.npm.taobao.org/, tarball: https://registry.npmmirror.com/@volar/language-core/-/language-core-2.4.11.tgz}
    name: '@volar/language-core'
    version: 2.4.11
    dependencies:
      '@volar/source-map': registry.npmmirror.com/@volar/source-map/2.4.11
    dev: true

  registry.npmmirror.com/@volar/source-map/2.4.11:
    resolution: {integrity: sha512-ZQpmafIGvaZMn/8iuvCFGrW3smeqkq/IIh9F1SdSx9aUl0J4Iurzd6/FhmjNO5g2ejF3rT45dKskgXWiofqlZQ==, registry: http://registry.npm.taobao.org/, tarball: https://registry.npmmirror.com/@volar/source-map/-/source-map-2.4.11.tgz}
    name: '@volar/source-map'
    version: 2.4.11
    dev: true

  registry.npmmirror.com/@volar/typescript/2.4.11:
    resolution: {integrity: sha512-2DT+Tdh88Spp5PyPbqhyoYavYCPDsqbHLFwcUI9K1NlY1YgUJvujGdrqUp0zWxnW7KWNTr3xSpMuv2WnaTKDAw==, registry: http://registry.npm.taobao.org/, tarball: https://registry.npmmirror.com/@volar/typescript/-/typescript-2.4.11.tgz}
    name: '@volar/typescript'
    version: 2.4.11
    dependencies:
      '@volar/language-core': registry.npmmirror.com/@volar/language-core/2.4.11
      path-browserify: registry.npmmirror.com/path-browserify/1.0.1
      vscode-uri: registry.npmmirror.com/vscode-uri/3.1.0
    dev: true

  registry.npmmirror.com/@vue/compiler-core/3.5.13:
    resolution: {integrity: sha512-oOdAkwqUfW1WqpwSYJce06wvt6HljgY3fGeM9NcVA1HaYOij3mZG9Rkysn0OHuyUAGMbEbARIpsG+LPVlBJ5/Q==, registry: http://registry.npm.taobao.org/, tarball: https://registry.npmmirror.com/@vue/compiler-core/-/compiler-core-3.5.13.tgz}
    name: '@vue/compiler-core'
    version: 3.5.13
    dependencies:
      '@babel/parser': registry.npmmirror.com/@babel/parser/7.26.9
      '@vue/shared': registry.npmmirror.com/@vue/shared/3.5.13
      entities: registry.npmmirror.com/entities/4.5.0
      estree-walker: registry.npmmirror.com/estree-walker/2.0.2
      source-map-js: registry.npmmirror.com/source-map-js/1.2.1

  registry.npmmirror.com/@vue/compiler-dom/3.5.13:
    resolution: {integrity: sha512-ZOJ46sMOKUjO3e94wPdCzQ6P1Lx/vhp2RSvfaab88Ajexs0AHeV0uasYhi99WPaogmBlRHNRuly8xV75cNTMDA==, registry: http://registry.npm.taobao.org/, tarball: https://registry.npmmirror.com/@vue/compiler-dom/-/compiler-dom-3.5.13.tgz}
    name: '@vue/compiler-dom'
    version: 3.5.13
    dependencies:
      '@vue/compiler-core': registry.npmmirror.com/@vue/compiler-core/3.5.13
      '@vue/shared': registry.npmmirror.com/@vue/shared/3.5.13

  registry.npmmirror.com/@vue/compiler-sfc/3.5.13:
    resolution: {integrity: sha512-6VdaljMpD82w6c2749Zhf5T9u5uLBWKnVue6XWxprDobftnletJ8+oel7sexFfM3qIxNmVE7LSFGTpv6obNyaQ==, registry: http://registry.npm.taobao.org/, tarball: https://registry.npmmirror.com/@vue/compiler-sfc/-/compiler-sfc-3.5.13.tgz}
    name: '@vue/compiler-sfc'
    version: 3.5.13
    dependencies:
      '@babel/parser': registry.npmmirror.com/@babel/parser/7.26.9
      '@vue/compiler-core': registry.npmmirror.com/@vue/compiler-core/3.5.13
      '@vue/compiler-dom': registry.npmmirror.com/@vue/compiler-dom/3.5.13
      '@vue/compiler-ssr': registry.npmmirror.com/@vue/compiler-ssr/3.5.13
      '@vue/shared': registry.npmmirror.com/@vue/shared/3.5.13
      estree-walker: registry.npmmirror.com/estree-walker/2.0.2
      magic-string: registry.npmmirror.com/magic-string/0.30.17
      postcss: registry.npmmirror.com/postcss/8.5.3
      source-map-js: registry.npmmirror.com/source-map-js/1.2.1

  registry.npmmirror.com/@vue/compiler-ssr/3.5.13:
    resolution: {integrity: sha512-wMH6vrYHxQl/IybKJagqbquvxpWCuVYpoUJfCqFZwa/JY1GdATAQ+TgVtgrwwMZ0D07QhA99rs/EAAWfvG6KpA==, registry: http://registry.npm.taobao.org/, tarball: https://registry.npmmirror.com/@vue/compiler-ssr/-/compiler-ssr-3.5.13.tgz}
    name: '@vue/compiler-ssr'
    version: 3.5.13
    dependencies:
      '@vue/compiler-dom': registry.npmmirror.com/@vue/compiler-dom/3.5.13
      '@vue/shared': registry.npmmirror.com/@vue/shared/3.5.13

  registry.npmmirror.com/@vue/compiler-vue2/2.7.16:
    resolution: {integrity: sha512-qYC3Psj9S/mfu9uVi5WvNZIzq+xnXMhOwbTFKKDD7b1lhpnn71jXSFdTQ+WsIEk0ONCd7VV2IMm7ONl6tbQ86A==, registry: http://registry.npm.taobao.org/, tarball: https://registry.npmmirror.com/@vue/compiler-vue2/-/compiler-vue2-2.7.16.tgz}
    name: '@vue/compiler-vue2'
    version: 2.7.16
    dependencies:
      de-indent: registry.npmmirror.com/de-indent/1.0.2
      he: registry.npmmirror.com/he/1.2.0
    dev: true

  registry.npmmirror.com/@vue/language-core/2.2.8_typescript@5.7.3:
    resolution: {integrity: sha512-rrzB0wPGBvcwaSNRriVWdNAbHQWSf0NlGqgKHK5mEkXpefjUlVRP62u03KvwZpvKVjRnBIQ/Lwre+Mx9N6juUQ==, registry: http://registry.npm.taobao.org/, tarball: https://registry.npmmirror.com/@vue/language-core/-/language-core-2.2.8.tgz}
    id: registry.npmmirror.com/@vue/language-core/2.2.8
    name: '@vue/language-core'
    version: 2.2.8
    peerDependencies:
      typescript: '*'
    peerDependenciesMeta:
      typescript:
        optional: true
    dependencies:
      '@volar/language-core': registry.npmmirror.com/@volar/language-core/2.4.11
      '@vue/compiler-dom': registry.npmmirror.com/@vue/compiler-dom/3.5.13
      '@vue/compiler-vue2': registry.npmmirror.com/@vue/compiler-vue2/2.7.16
      '@vue/shared': registry.npmmirror.com/@vue/shared/3.5.13
      alien-signals: registry.npmmirror.com/alien-signals/1.0.4
      minimatch: registry.npmmirror.com/minimatch/9.0.5
      muggle-string: registry.npmmirror.com/muggle-string/0.4.1
      path-browserify: registry.npmmirror.com/path-browserify/1.0.1
      typescript: registry.npmmirror.com/typescript/5.7.3
    dev: true

  registry.npmmirror.com/@vue/reactivity/3.5.13:
    resolution: {integrity: sha512-NaCwtw8o48B9I6L1zl2p41OHo/2Z4wqYGGIK1Khu5T7yxrn+ATOixn/Udn2m+6kZKB/J7cuT9DbWWhRxqixACg==, registry: http://registry.npm.taobao.org/, tarball: https://registry.npmmirror.com/@vue/reactivity/-/reactivity-3.5.13.tgz}
    name: '@vue/reactivity'
    version: 3.5.13
    dependencies:
      '@vue/shared': registry.npmmirror.com/@vue/shared/3.5.13

  registry.npmmirror.com/@vue/runtime-core/3.5.13:
    resolution: {integrity: sha512-Fj4YRQ3Az0WTZw1sFe+QDb0aXCerigEpw418pw1HBUKFtnQHWzwojaukAs2X/c9DQz4MQ4bsXTGlcpGxU/RCIw==, registry: http://registry.npm.taobao.org/, tarball: https://registry.npmmirror.com/@vue/runtime-core/-/runtime-core-3.5.13.tgz}
    name: '@vue/runtime-core'
    version: 3.5.13
    dependencies:
      '@vue/reactivity': registry.npmmirror.com/@vue/reactivity/3.5.13
      '@vue/shared': registry.npmmirror.com/@vue/shared/3.5.13

  registry.npmmirror.com/@vue/runtime-dom/3.5.13:
    resolution: {integrity: sha512-dLaj94s93NYLqjLiyFzVs9X6dWhTdAlEAciC3Moq7gzAc13VJUdCnjjRurNM6uTLFATRHexHCTu/Xp3eW6yoog==, registry: http://registry.npm.taobao.org/, tarball: https://registry.npmmirror.com/@vue/runtime-dom/-/runtime-dom-3.5.13.tgz}
    name: '@vue/runtime-dom'
    version: 3.5.13
    dependencies:
      '@vue/reactivity': registry.npmmirror.com/@vue/reactivity/3.5.13
      '@vue/runtime-core': registry.npmmirror.com/@vue/runtime-core/3.5.13
      '@vue/shared': registry.npmmirror.com/@vue/shared/3.5.13
      csstype: registry.npmmirror.com/csstype/3.1.3

  registry.npmmirror.com/@vue/server-renderer/3.5.13_vue@3.5.13:
    resolution: {integrity: sha512-wAi4IRJV/2SAW3htkTlB+dHeRmpTiVIK1OGLWV1yeStVSebSQQOwGwIq0D3ZIoBj2C2qpgz5+vX9iEBkTdk5YA==, registry: http://registry.npm.taobao.org/, tarball: https://registry.npmmirror.com/@vue/server-renderer/-/server-renderer-3.5.13.tgz}
    id: registry.npmmirror.com/@vue/server-renderer/3.5.13
    name: '@vue/server-renderer'
    version: 3.5.13
    peerDependencies:
      vue: 3.5.13
    dependencies:
      '@vue/compiler-ssr': registry.npmmirror.com/@vue/compiler-ssr/3.5.13
      '@vue/shared': registry.npmmirror.com/@vue/shared/3.5.13
      vue: registry.npmmirror.com/vue/3.5.13_typescript@5.7.3

  registry.npmmirror.com/@vue/shared/3.5.13:
    resolution: {integrity: sha512-/hnE/qP5ZoGpol0a5mDi45bOd7t3tjYJBjsgCsivow7D48cJeV5l05RD82lPqi7gRiphZM37rnhW1l6ZoCNNnQ==, registry: http://registry.npm.taobao.org/, tarball: https://registry.npmmirror.com/@vue/shared/-/shared-3.5.13.tgz}
    name: '@vue/shared'
    version: 3.5.13

  registry.npmmirror.com/@vue/tsconfig/0.7.0_typescript@5.7.3+vue@3.5.13:
    resolution: {integrity: sha512-ku2uNz5MaZ9IerPPUyOHzyjhXoX2kVJaVf7hL315DC17vS6IiZRmmCPfggNbU16QTvM80+uYYy3eYJB59WCtvg==, registry: http://registry.npm.taobao.org/, tarball: https://registry.npmmirror.com/@vue/tsconfig/-/tsconfig-0.7.0.tgz}
    id: registry.npmmirror.com/@vue/tsconfig/0.7.0
    name: '@vue/tsconfig'
    version: 0.7.0
    peerDependencies:
      typescript: 5.x
      vue: ^3.4.0
    peerDependenciesMeta:
      typescript:
        optional: true
      vue:
        optional: true
    dependencies:
      typescript: registry.npmmirror.com/typescript/5.7.3
      vue: registry.npmmirror.com/vue/3.5.13_typescript@5.7.3
    dev: true

  registry.npmmirror.com/alien-signals/1.0.4:
    resolution: {integrity: sha512-DJqqQD3XcsaQcQ1s+iE2jDUZmmQpXwHiR6fCAim/w87luaW+vmLY8fMlrdkmRwzaFXhkxf3rqPCR59tKVv1MDw==, registry: http://registry.npm.taobao.org/, tarball: https://registry.npmmirror.com/alien-signals/-/alien-signals-1.0.4.tgz}
    name: alien-signals
    version: 1.0.4
    dev: true

  registry.npmmirror.com/balanced-match/1.0.2:
    resolution: {integrity: sha512-3oSeUO0TMV67hN1AmbXsK4yaqU7tjiHlbxRDZOpH0KW9+CeX4bRAaX0Anxt0tx2MrpRpWwQaPwIlISEJhYU5Pw==, registry: http://registry.npm.taobao.org/, tarball: https://registry.npmmirror.com/balanced-match/-/balanced-match-1.0.2.tgz}
    name: balanced-match
    version: 1.0.2
    dev: true

  registry.npmmirror.com/brace-expansion/2.0.1:
    resolution: {integrity: sha512-XnAIvQ8eM+kC6aULx6wuQiwVsnzsi9d3WxzV3FpWTGA19F621kwdbsAcFKXgKUHZWsy+mY6iL1sHTxWEFCytDA==, registry: http://registry.npm.taobao.org/, tarball: https://registry.npmmirror.com/brace-expansion/-/brace-expansion-2.0.1.tgz}
    name: brace-expansion
    version: 2.0.1
    dependencies:
      balanced-match: registry.npmmirror.com/balanced-match/1.0.2
    dev: true

  registry.npmmirror.com/csstype/3.1.3:
    resolution: {integrity: sha512-M1uQkMl8rQK/szD0LNhtqxIPLpimGm8sOBwU7lLnCpSbTyY3yeU1Vc7l4KT5zT4s/yOxHH5O7tIuuLOCnLADRw==, registry: http://registry.npm.taobao.org/, tarball: https://registry.npmmirror.com/csstype/-/csstype-3.1.3.tgz}
    name: csstype
    version: 3.1.3

  registry.npmmirror.com/de-indent/1.0.2:
    resolution: {integrity: sha512-e/1zu3xH5MQryN2zdVaF0OrdNLUbvWxzMbi+iNA6Bky7l1RoP8a2fIbRocyHclXt/arDrrR6lL3TqFD9pMQTsg==, registry: http://registry.npm.taobao.org/, tarball: https://registry.npmmirror.com/de-indent/-/de-indent-1.0.2.tgz}
    name: de-indent
    version: 1.0.2
    dev: true

  registry.npmmirror.com/entities/4.5.0:
    resolution: {integrity: sha512-V0hjH4dGPh9Ao5p0MoRY6BVqtwCjhz6vI5LT8AJ55H+4g9/4vbHx1I54fS0XuclLhDHArPQCiMjDxjaL8fPxhw==, registry: http://registry.npm.taobao.org/, tarball: https://registry.npmmirror.com/entities/-/entities-4.5.0.tgz}
    name: entities
    version: 4.5.0
    engines: {node: '>=0.12'}

  registry.npmmirror.com/esbuild/0.25.0:
    resolution: {integrity: sha512-BXq5mqc8ltbaN34cDqWuYKyNhX8D/Z0J1xdtdQ8UcIIIyJyz+ZMKUt58tF3SrZ85jcfN/PZYhjR5uDQAYNVbuw==, registry: http://registry.npm.taobao.org/, tarball: https://registry.npmmirror.com/esbuild/-/esbuild-0.25.0.tgz}
    name: esbuild
    version: 0.25.0
    engines: {node: '>=18'}
    hasBin: true
    requiresBuild: true
    optionalDependencies:
      '@esbuild/aix-ppc64': registry.npmmirror.com/@esbuild/aix-ppc64/0.25.0
      '@esbuild/android-arm': registry.npmmirror.com/@esbuild/android-arm/0.25.0
      '@esbuild/android-arm64': registry.npmmirror.com/@esbuild/android-arm64/0.25.0
      '@esbuild/android-x64': registry.npmmirror.com/@esbuild/android-x64/0.25.0
      '@esbuild/darwin-arm64': registry.npmmirror.com/@esbuild/darwin-arm64/0.25.0
      '@esbuild/darwin-x64': registry.npmmirror.com/@esbuild/darwin-x64/0.25.0
      '@esbuild/freebsd-arm64': registry.npmmirror.com/@esbuild/freebsd-arm64/0.25.0
      '@esbuild/freebsd-x64': registry.npmmirror.com/@esbuild/freebsd-x64/0.25.0
      '@esbuild/linux-arm': registry.npmmirror.com/@esbuild/linux-arm/0.25.0
      '@esbuild/linux-arm64': registry.npmmirror.com/@esbuild/linux-arm64/0.25.0
      '@esbuild/linux-ia32': registry.npmmirror.com/@esbuild/linux-ia32/0.25.0
      '@esbuild/linux-loong64': registry.npmmirror.com/@esbuild/linux-loong64/0.25.0
      '@esbuild/linux-mips64el': registry.npmmirror.com/@esbuild/linux-mips64el/0.25.0
      '@esbuild/linux-ppc64': registry.npmmirror.com/@esbuild/linux-ppc64/0.25.0
      '@esbuild/linux-riscv64': registry.npmmirror.com/@esbuild/linux-riscv64/0.25.0
      '@esbuild/linux-s390x': registry.npmmirror.com/@esbuild/linux-s390x/0.25.0
      '@esbuild/linux-x64': registry.npmmirror.com/@esbuild/linux-x64/0.25.0
      '@esbuild/netbsd-arm64': registry.npmmirror.com/@esbuild/netbsd-arm64/0.25.0
      '@esbuild/netbsd-x64': registry.npmmirror.com/@esbuild/netbsd-x64/0.25.0
      '@esbuild/openbsd-arm64': registry.npmmirror.com/@esbuild/openbsd-arm64/0.25.0
      '@esbuild/openbsd-x64': registry.npmmirror.com/@esbuild/openbsd-x64/0.25.0
      '@esbuild/sunos-x64': registry.npmmirror.com/@esbuild/sunos-x64/0.25.0
      '@esbuild/win32-arm64': registry.npmmirror.com/@esbuild/win32-arm64/0.25.0
      '@esbuild/win32-ia32': registry.npmmirror.com/@esbuild/win32-ia32/0.25.0
      '@esbuild/win32-x64': registry.npmmirror.com/@esbuild/win32-x64/0.25.0
    dev: true

  registry.npmmirror.com/estree-walker/2.0.2:
    resolution: {integrity: sha512-Rfkk/Mp/DL7JVje3u18FxFujQlTNR2q6QfMSMB7AvCBx91NGj/ba3kCfza0f6dVDbw7YlRf/nDrn7pQrCCyQ/w==, registry: http://registry.npm.taobao.org/, tarball: https://registry.npmmirror.com/estree-walker/-/estree-walker-2.0.2.tgz}
    name: estree-walker
    version: 2.0.2

  registry.npmmirror.com/fsevents/2.3.3:
    resolution: {integrity: sha512-5xoDfX+fL7faATnagmWPpbFtwh/R77WmMMqqHGS65C3vvB0YHrgF+B1YmZ3441tMj5n63k0212XNoJwzlhffQw==, registry: http://registry.npm.taobao.org/, tarball: https://registry.npmmirror.com/fsevents/-/fsevents-2.3.3.tgz}
    name: fsevents
    version: 2.3.3
    engines: {node: ^8.16.0 || ^10.6.0 || >=11.0.0}
    os: [darwin]
    requiresBuild: true
    dev: true
    optional: true

  registry.npmmirror.com/he/1.2.0:
    resolution: {integrity: sha512-F/1DnUGPopORZi0ni+CvrCgHQ5FyEAHRLSApuYWMmrbSwoN2Mn/7k+Gl38gJnR7yyDZk6WLXwiGod1JOWNDKGw==, registry: http://registry.npm.taobao.org/, tarball: https://registry.npmmirror.com/he/-/he-1.2.0.tgz}
    name: he
    version: 1.2.0
    hasBin: true
    dev: true

  registry.npmmirror.com/magic-string/0.30.17:
    resolution: {integrity: sha512-sNPKHvyjVf7gyjwS4xGTaW/mCnF8wnjtifKBEhxfZ7E/S8tQ0rssrwGNn6q8JH/ohItJfSQp9mBtQYuTlH5QnA==, registry: http://registry.npm.taobao.org/, tarball: https://registry.npmmirror.com/magic-string/-/magic-string-0.30.17.tgz}
    name: magic-string
    version: 0.30.17
    dependencies:
      '@jridgewell/sourcemap-codec': registry.npmmirror.com/@jridgewell/sourcemap-codec/1.5.0

  registry.npmmirror.com/minimatch/9.0.5:
    resolution: {integrity: sha512-G6T0ZX48xgozx7587koeX9Ys2NYy6Gmv//P89sEte9V9whIapMNF4idKxnW2QtCcLiTWlb/wfCabAtAFWhhBow==, registry: http://registry.npm.taobao.org/, tarball: https://registry.npmmirror.com/minimatch/-/minimatch-9.0.5.tgz}
    name: minimatch
    version: 9.0.5
    engines: {node: '>=16 || 14 >=14.17'}
    dependencies:
      brace-expansion: registry.npmmirror.com/brace-expansion/2.0.1
    dev: true

  registry.npmmirror.com/muggle-string/0.4.1:
    resolution: {integrity: sha512-VNTrAak/KhO2i8dqqnqnAHOa3cYBwXEZe9h+D5h/1ZqFSTEFHdM65lR7RoIqq3tBBYavsOXV84NoHXZ0AkPyqQ==, registry: http://registry.npm.taobao.org/, tarball: https://registry.npmmirror.com/muggle-string/-/muggle-string-0.4.1.tgz}
    name: muggle-string
    version: 0.4.1
    dev: true

  registry.npmmirror.com/nanoid/3.3.8:
    resolution: {integrity: sha512-WNLf5Sd8oZxOm+TzppcYk8gVOgP+l58xNy58D0nbUnOxOWRWvlcCV4kUF7ltmI6PsrLl/BgKEyS4mqsGChFN0w==, registry: http://registry.npm.taobao.org/, tarball: https://registry.npmmirror.com/nanoid/-/nanoid-3.3.8.tgz}
    name: nanoid
    version: 3.3.8
    engines: {node: ^10 || ^12 || ^13.7 || ^14 || >=15.0.1}
    hasBin: true

  registry.npmmirror.com/path-browserify/1.0.1:
    resolution: {integrity: sha512-b7uo2UCUOYZcnF/3ID0lulOJi/bafxa1xPe7ZPsammBSpjSWQkjNxlt635YGS2MiR9GjvuXCtz2emr3jbsz98g==, registry: http://registry.npm.taobao.org/, tarball: https://registry.npmmirror.com/path-browserify/-/path-browserify-1.0.1.tgz}
    name: path-browserify
    version: 1.0.1
    dev: true

  registry.npmmirror.com/picocolors/1.1.1:
    resolution: {integrity: sha512-xceH2snhtb5M9liqDsmEw56le376mTZkEX/jEb/RxNFyegNul7eNslCXP9FDj/Lcu0X8KEyMceP2ntpaHrDEVA==, registry: http://registry.npm.taobao.org/, tarball: https://registry.npmmirror.com/picocolors/-/picocolors-1.1.1.tgz}
    name: picocolors
    version: 1.1.1

  registry.npmmirror.com/postcss/8.5.3:
    resolution: {integrity: sha512-dle9A3yYxlBSrt8Fu+IpjGT8SY8hN0mlaA6GY8t0P5PjIOZemULz/E2Bnm/2dcUOena75OTNkHI76uZBNUUq3A==, registry: http://registry.npm.taobao.org/, tarball: https://registry.npmmirror.com/postcss/-/postcss-8.5.3.tgz}
    name: postcss
    version: 8.5.3
    engines: {node: ^10 || ^12 || >=14}
    dependencies:
      nanoid: registry.npmmirror.com/nanoid/3.3.8
      picocolors: registry.npmmirror.com/picocolors/1.1.1
      source-map-js: registry.npmmirror.com/source-map-js/1.2.1

  registry.npmmirror.com/rollup/4.34.9:
    resolution: {integrity: sha512-nF5XYqWWp9hx/LrpC8sZvvvmq0TeTjQgaZHYmAgwysT9nh8sWnZhBnM8ZyVbbJFIQBLwHDNoMqsBZBbUo4U8sQ==, registry: http://registry.npm.taobao.org/, tarball: https://registry.npmmirror.com/rollup/-/rollup-4.34.9.tgz}
    name: rollup
    version: 4.34.9
    engines: {node: '>=18.0.0', npm: '>=8.0.0'}
    hasBin: true
    dependencies:
      '@types/estree': registry.npmmirror.com/@types/estree/1.0.6
    optionalDependencies:
      '@rollup/rollup-android-arm-eabi': registry.npmmirror.com/@rollup/rollup-android-arm-eabi/4.34.9
      '@rollup/rollup-android-arm64': registry.npmmirror.com/@rollup/rollup-android-arm64/4.34.9
      '@rollup/rollup-darwin-arm64': registry.npmmirror.com/@rollup/rollup-darwin-arm64/4.34.9
      '@rollup/rollup-darwin-x64': registry.npmmirror.com/@rollup/rollup-darwin-x64/4.34.9
      '@rollup/rollup-freebsd-arm64': registry.npmmirror.com/@rollup/rollup-freebsd-arm64/4.34.9
      '@rollup/rollup-freebsd-x64': registry.npmmirror.com/@rollup/rollup-freebsd-x64/4.34.9
      '@rollup/rollup-linux-arm-gnueabihf': registry.npmmirror.com/@rollup/rollup-linux-arm-gnueabihf/4.34.9
      '@rollup/rollup-linux-arm-musleabihf': registry.npmmirror.com/@rollup/rollup-linux-arm-musleabihf/4.34.9
      '@rollup/rollup-linux-arm64-gnu': registry.npmmirror.com/@rollup/rollup-linux-arm64-gnu/4.34.9
      '@rollup/rollup-linux-arm64-musl': registry.npmmirror.com/@rollup/rollup-linux-arm64-musl/4.34.9
      '@rollup/rollup-linux-loongarch64-gnu': registry.npmmirror.com/@rollup/rollup-linux-loongarch64-gnu/4.34.9
      '@rollup/rollup-linux-powerpc64le-gnu': registry.npmmirror.com/@rollup/rollup-linux-powerpc64le-gnu/4.34.9
      '@rollup/rollup-linux-riscv64-gnu': registry.npmmirror.com/@rollup/rollup-linux-riscv64-gnu/4.34.9
      '@rollup/rollup-linux-s390x-gnu': registry.npmmirror.com/@rollup/rollup-linux-s390x-gnu/4.34.9
      '@rollup/rollup-linux-x64-gnu': registry.npmmirror.com/@rollup/rollup-linux-x64-gnu/4.34.9
      '@rollup/rollup-linux-x64-musl': registry.npmmirror.com/@rollup/rollup-linux-x64-musl/4.34.9
      '@rollup/rollup-win32-arm64-msvc': registry.npmmirror.com/@rollup/rollup-win32-arm64-msvc/4.34.9
      '@rollup/rollup-win32-ia32-msvc': registry.npmmirror.com/@rollup/rollup-win32-ia32-msvc/4.34.9
      '@rollup/rollup-win32-x64-msvc': registry.npmmirror.com/@rollup/rollup-win32-x64-msvc/4.34.9
      fsevents: registry.npmmirror.com/fsevents/2.3.3
    dev: true

  registry.npmmirror.com/source-map-js/1.2.1:
    resolution: {integrity: sha512-UXWMKhLOwVKb728IUtQPXxfYU+usdybtUrK/8uGE8CQMvrhOpwvzDBwj0QhSL7MQc7vIsISBG8VQ8+IDQxpfQA==, registry: http://registry.npm.taobao.org/, tarball: https://registry.npmmirror.com/source-map-js/-/source-map-js-1.2.1.tgz}
    name: source-map-js
    version: 1.2.1
    engines: {node: '>=0.10.0'}

  registry.npmmirror.com/typescript/5.7.3:
    resolution: {integrity: sha512-84MVSjMEHP+FQRPy3pX9sTVV/INIex71s9TL2Gm5FG/WG1SqXeKyZ0k7/blY/4FdOzI12CBy1vGc4og/eus0fw==, registry: http://registry.npm.taobao.org/, tarball: https://registry.npmmirror.com/typescript/-/typescript-5.7.3.tgz}
    name: typescript
    version: 5.7.3
    engines: {node: '>=14.17'}
    hasBin: true

  registry.npmmirror.com/vite/6.2.0:
    resolution: {integrity: sha512-7dPxoo+WsT/64rDcwoOjk76XHj+TqNTIvHKcuMQ1k4/SeHDaQt5GFAeLYzrimZrMpn/O6DtdI03WUjdxuPM0oQ==, registry: http://registry.npm.taobao.org/, tarball: https://registry.npmmirror.com/vite/-/vite-6.2.0.tgz}
    name: vite
    version: 6.2.0
    engines: {node: ^18.0.0 || ^20.0.0 || >=22.0.0}
    hasBin: true
    peerDependencies:
      '@types/node': ^18.0.0 || ^20.0.0 || >=22.0.0
      jiti: '>=1.21.0'
      less: '*'
      lightningcss: ^1.21.0
      sass: '*'
      sass-embedded: '*'
      stylus: '*'
      sugarss: '*'
      terser: ^5.16.0
      tsx: ^4.8.1
      yaml: ^2.4.2
    peerDependenciesMeta:
      '@types/node':
        optional: true
      jiti:
        optional: true
      less:
        optional: true
      lightningcss:
        optional: true
      sass:
        optional: true
      sass-embedded:
        optional: true
      stylus:
        optional: true
      sugarss:
        optional: true
      terser:
        optional: true
      tsx:
        optional: true
      yaml:
        optional: true
    dependencies:
      esbuild: registry.npmmirror.com/esbuild/0.25.0
      postcss: registry.npmmirror.com/postcss/8.5.3
      rollup: registry.npmmirror.com/rollup/4.34.9
    optionalDependencies:
      fsevents: registry.npmmirror.com/fsevents/2.3.3
    dev: true

  registry.npmmirror.com/vscode-uri/3.1.0:
    resolution: {integrity: sha512-/BpdSx+yCQGnCvecbyXdxHDkuk55/G3xwnC0GqY4gmQ3j+A+g8kzzgB4Nk/SINjqn6+waqw3EgbVF2QKExkRxQ==, registry: http://registry.npm.taobao.org/, tarball: https://registry.npmmirror.com/vscode-uri/-/vscode-uri-3.1.0.tgz}
    name: vscode-uri
    version: 3.1.0
    dev: true

  registry.npmmirror.com/vue-tsc/2.2.8_typescript@5.7.3:
    resolution: {integrity: sha512-jBYKBNFADTN+L+MdesNX/TB3XuDSyaWynKMDgR+yCSln0GQ9Tfb7JS2lr46s2LiFUT1WsmfWsSvIElyxzOPqcQ==, registry: http://registry.npm.taobao.org/, tarball: https://registry.npmmirror.com/vue-tsc/-/vue-tsc-2.2.8.tgz}
    id: registry.npmmirror.com/vue-tsc/2.2.8
    name: vue-tsc
    version: 2.2.8
    hasBin: true
    peerDependencies:
      typescript: '>=5.0.0'
    dependencies:
      '@volar/typescript': registry.npmmirror.com/@volar/typescript/2.4.11
      '@vue/language-core': registry.npmmirror.com/@vue/language-core/2.2.8_typescript@5.7.3
      typescript: registry.npmmirror.com/typescript/5.7.3
    dev: true

  registry.npmmirror.com/vue/3.5.13_typescript@5.7.3:
    resolution: {integrity: sha512-wmeiSMxkZCSc+PM2w2VRsOYAZC8GdipNFRTsLSfodVqI9mbejKeXEGr8SckuLnrQPGe3oJN5c3K0vpoU9q/wCQ==, registry: http://registry.npm.taobao.org/, tarball: https://registry.npmmirror.com/vue/-/vue-3.5.13.tgz}
    id: registry.npmmirror.com/vue/3.5.13
    name: vue
    version: 3.5.13
    peerDependencies:
      typescript: '*'
    peerDependenciesMeta:
      typescript:
        optional: true
    dependencies:
      '@vue/compiler-dom': registry.npmmirror.com/@vue/compiler-dom/3.5.13
      '@vue/compiler-sfc': registry.npmmirror.com/@vue/compiler-sfc/3.5.13
      '@vue/runtime-dom': registry.npmmirror.com/@vue/runtime-dom/3.5.13
      '@vue/server-renderer': registry.npmmirror.com/@vue/server-renderer/3.5.13_vue@3.5.13
      '@vue/shared': registry.npmmirror.com/@vue/shared/3.5.13
      typescript: registry.npmmirror.com/typescript/5.7.3
